
Microsoft Visual Studio Solution File, Format Version 12.00
# Visual Studio Version 17
VisualStudioVersion = 17.0.32014.148
MinimumVisualStudioVersion = 10.0.40219.1
Project("{FAE04EC0-301F-11D3-BF4B-00C04F79EFBC}") = "Banka uygulaması", "Banka uygulaması\Banka uygulaması.csproj", "{1584A291-B96D-4834-B681-0B71B896CC4D}"
EndProject
Global
	GlobalSection(SolutionConfigurationPlatforms) = preSolution
		Debug|Any CPU = Debug|Any CPU
		Release|Any CPU = Release|Any CPU
	EndGlobalSection
	GlobalSection(ProjectConfigurationPlatforms) = postSolution
		{1584A291-B96D-4834-B681-0B71B896CC4D}.Debug|Any CPU.ActiveCfg = Debug|Any CPU
		{1584A291-B96D-4834-B681-0B71B896CC4D}.Debug|Any CPU.Build.0 = Debug|Any CPU
		{1584A291-B96D-4834-B681-0B71B896CC4D}.Release|Any CPU.ActiveCfg = Release|Any CPU
		{1584A291-B96D-4834-B681-0B71B896CC4D}.Release|Any CPU.Build.0 = Release|Any CPU
	EndGlobalSection
	GlobalSection(SolutionProperties) = preSolution
		HideSolutionNode = FALSE
	EndGlobalSection
	GlobalSection(ExtensibilityGlobals) = postSolution
		SolutionGuid = {400D0E23-6161-40C2-9838-66FACA3C9A34}
	EndGlobalSection
EndGlobal
